{
  "requires": true,
  "lockfileVersion": 1,
  "dependencies": {
    "sweetalert2": {
      "version": "8.0.7",
      "resolved": "https://registry.npmjs.org/sweetalert2/-/sweetalert2-8.0.7.tgz",
      "integrity": "sha512-UrCfHuz48XxIBef07rA3Mu536qWYjdMom3Yfc4tqO7pzNyoarNFWypflZv3AnaYNRGAege5giRrh//R3RmY2Hw=="
    }
  }
}
